lockfile_version: '1'
generated_at: '2026-04-07T16:34:13.953882+00:00'
apm_version: 0.8.10
dependencies:
- repo_url: _local/global-core
  package_type: apm_package
  source: local
  local_path: ./global-core
- repo_url: 199-biotechnologies/claude-deep-research-skill
  host: github.com
  resolved_commit: 1341bdb2a18332449aeb296482e0647b48dcfef7
  depth: 2
  resolved_by: _local/global-core
  package_type: claude_skill
  deployed_files:
  - .claude/skills/claude-deep-research-skill
  - .github/skills/claude-deep-research-skill
  content_hash: sha256:f208d03839997319daa8758e61d8745e7948667f185c07defdbd57b0753cb0ce
- repo_url: AlmogBaku/debug-skill
  host: github.com
  resolved_commit: 7fefada2c42b85856f66119b10587e822cb3061d
  virtual_path: skills/debugging-code
  is_virtual: true
  depth: 2
  resolved_by: _local/global-core
  package_type: claude_skill
  deployed_files:
  - .claude/skills/debugging-code
  - .github/skills/debugging-code
  content_hash: sha256:76f195c6957140c87724eed4c3172394f0268600fa2213085ec956d57a8fbaef
- repo_url: anthropics/skills
  host: github.com
  resolved_commit: 98669c11ca63e9c81c11501e1437e5c47b556621
  virtual_path: skills/claude-api
  is_virtual: true
  depth: 2
  resolved_by: _local/global-core
  package_type: claude_skill
  deployed_files:
  - .claude/skills/claude-api
  - .github/skills/claude-api
  content_hash: sha256:7566c64fa83a8d53ba8dac3fa09702a1694a87276fe52f959b928070cb7ef608
- repo_url: anthropics/skills
  host: github.com
  resolved_commit: 98669c11ca63e9c81c11501e1437e5c47b556621
  virtual_path: skills/skill-creator
  is_virtual: true
  depth: 2
  resolved_by: _local/global-core
  package_type: claude_skill
  deployed_files:
  - .claude/skills/skill-creator
  - .github/skills/skill-creator
  content_hash: sha256:ad480cdd4a4b5886cb7d35c2055d4b9005babe15d80ace54d90f4259f3bf3257
- repo_url: github/awesome-copilot
  host: github.com
  virtual_path: agents/devils-advocate.agent.md
  is_virtual: true
  depth: 2
  resolved_by: _local/global-core
  content_hash: sha256:e67c42f28acfca9d1af01e917cda021e3729833f204d1381e18a43b91cb5e42b
- repo_url: github/awesome-copilot
  host: github.com
  resolved_commit: ba2ade0312708d44c2966a4a1c278b92471d2b8b
  virtual_path: plugins/context-engineering
  is_virtual: true
  depth: 2
  resolved_by: _local/global-core
  package_type: marketplace_plugin
  deployed_files:
  - .claude/skills/context-map
  - .claude/skills/refactor-plan
  - .claude/skills/what-context-needed
  - .github/skills/context-map
  - .github/skills/refactor-plan
  - .github/skills/what-context-needed
  content_hash: sha256:d2bf8a9a1a6d9d26992b261fa237aee8de5730b115aa9eba85dbc1eccf9a2c00
- repo_url: github/awesome-copilot
  host: github.com
  resolved_commit: ba2ade0312708d44c2966a4a1c278b92471d2b8b
  virtual_path: plugins/doublecheck
  is_virtual: true
  depth: 2
  resolved_by: _local/global-core
  package_type: marketplace_plugin
  deployed_files:
  - .claude/skills/doublecheck
  - .github/skills/doublecheck
  content_hash: sha256:52b00e9d311e02bc4b74bf87dfcdb521d278e83bd8e5b63800e300bdf1af2cec
- repo_url: obra/superpowers
  host: github.com
  resolved_commit: 917e5f53b16b115b70a3a355ed5f4993b9f8b73d
  depth: 2
  resolved_by: _local/global-core
  package_type: hook_package
  content_hash: sha256:af5aeb8bbb0e356d2514e83d0d95b855568c3f4d7f3134561060123a1ab79cae
- repo_url: thinkjones/awesome-everything
  host: github.com
  resolved_commit: 179422b78d891e3b6b9ca52a04482ac3a2b8d837
  virtual_path: wrappers/mattpocock-skills
  is_virtual: true
  depth: 2
  resolved_by: _local/global-core
  package_type: apm_package
  content_hash: sha256:830548a600cb24f47a199164920b95c8513c61c7af44f27e0233148956b2c3d4
- repo_url: mattpocock/skills
  host: github.com
  resolved_commit: 651eab033bdf8f7fd535c274f8cbe839075aba5e
  virtual_path: design-an-interface
  is_virtual: true
  depth: 3
  resolved_by: thinkjones/awesome-everything
  package_type: claude_skill
  deployed_files:
  - .claude/skills/design-an-interface
  - .github/skills/design-an-interface
  content_hash: sha256:885b05367fb1cf61a1e27e0d50f14d2502a05c1fa276c6e9ea050ce6a90e7095
- repo_url: mattpocock/skills
  host: github.com
  resolved_commit: 651eab033bdf8f7fd535c274f8cbe839075aba5e
  virtual_path: edit-article
  is_virtual: true
  depth: 3
  resolved_by: thinkjones/awesome-everything
  package_type: claude_skill
  deployed_files:
  - .claude/skills/edit-article
  - .github/skills/edit-article
  content_hash: sha256:6d29872a4015fcbb4879fe1bddf1919995c477dcf7248885efb85722f50e6c4d
- repo_url: mattpocock/skills
  host: github.com
  resolved_commit: 651eab033bdf8f7fd535c274f8cbe839075aba5e
  virtual_path: git-guardrails-claude-code
  is_virtual: true
  depth: 3
  resolved_by: thinkjones/awesome-everything
  package_type: claude_skill
  deployed_files:
  - .claude/skills/git-guardrails-claude-code
  - .github/skills/git-guardrails-claude-code
  content_hash: sha256:9d94db81c4b41c5620aafbeb321d1dd078c006d460f2bd91aef5d51c6993dfb2
- repo_url: mattpocock/skills
  host: github.com
  resolved_commit: 651eab033bdf8f7fd535c274f8cbe839075aba5e
  virtual_path: github-triage
  is_virtual: true
  depth: 3
  resolved_by: thinkjones/awesome-everything
  package_type: claude_skill
  deployed_files:
  - .claude/skills/github-triage
  - .github/skills/github-triage
  content_hash: sha256:77dce6efff943f3adc845b1aabc8628de448c5dabbceee859aaa73a6cd06214e
- repo_url: mattpocock/skills
  host: github.com
  resolved_commit: 651eab033bdf8f7fd535c274f8cbe839075aba5e
  virtual_path: grill-me
  is_virtual: true
  depth: 3
  resolved_by: thinkjones/awesome-everything
  package_type: claude_skill
  deployed_files:
  - .claude/skills/grill-me
  - .github/skills/grill-me
  content_hash: sha256:784f0dbb7403b0f00324bce9a112f715342777a0daee7bbb7385f9c6f0a170ea
- repo_url: mattpocock/skills
  host: github.com
  resolved_commit: 651eab033bdf8f7fd535c274f8cbe839075aba5e
  virtual_path: improve-codebase-architecture
  is_virtual: true
  depth: 3
  resolved_by: thinkjones/awesome-everything
  package_type: claude_skill
  deployed_files:
  - .claude/skills/improve-codebase-architecture
  - .github/skills/improve-codebase-architecture
  content_hash: sha256:76d07c4c0bebc162cc76ca7494bfe7a90e279f35832f7ce6dfc4ce16518fd560
- repo_url: mattpocock/skills
  host: github.com
  resolved_commit: 651eab033bdf8f7fd535c274f8cbe839075aba5e
  virtual_path: obsidian-vault
  is_virtual: true
  depth: 3
  resolved_by: thinkjones/awesome-everything
  package_type: claude_skill
  deployed_files:
  - .claude/skills/obsidian-vault
  - .github/skills/obsidian-vault
  content_hash: sha256:960437c7c2febc15cf9d49964f0c8bd889d90a56e81b6eaa33f3ac5b594291c3
- repo_url: mattpocock/skills
  host: github.com
  resolved_commit: 651eab033bdf8f7fd535c274f8cbe839075aba5e
  virtual_path: prd-to-issues
  is_virtual: true
  depth: 3
  resolved_by: thinkjones/awesome-everything
  package_type: claude_skill
  deployed_files:
  - .claude/skills/prd-to-issues
  - .github/skills/prd-to-issues
  content_hash: sha256:32192340c1a14317b25741f5a0a38d162b387b6d4bfd09e0ed3859367321e98f
- repo_url: mattpocock/skills
  host: github.com
  resolved_commit: 651eab033bdf8f7fd535c274f8cbe839075aba5e
  virtual_path: prd-to-plan
  is_virtual: true
  depth: 3
  resolved_by: thinkjones/awesome-everything
  package_type: claude_skill
  deployed_files:
  - .claude/skills/prd-to-plan
  - .github/skills/prd-to-plan
  content_hash: sha256:b0fad4a6e8097a5095fe00bfc2ebd98827c2d599e8b0a974c9d3c50b59295ac8
- repo_url: mattpocock/skills
  host: github.com
  resolved_commit: 651eab033bdf8f7fd535c274f8cbe839075aba5e
  virtual_path: qa
  is_virtual: true
  depth: 3
  resolved_by: thinkjones/awesome-everything
  package_type: claude_skill
  deployed_files:
  - .claude/skills/qa
  - .github/skills/qa
  content_hash: sha256:20c63e29b268b1f0762cff524b5e321d5e1a773b4f61b90d84811b755948a66c
- repo_url: mattpocock/skills
  host: github.com
  resolved_commit: 651eab033bdf8f7fd535c274f8cbe839075aba5e
  virtual_path: request-refactor-plan
  is_virtual: true
  depth: 3
  resolved_by: thinkjones/awesome-everything
  package_type: claude_skill
  deployed_files:
  - .claude/skills/request-refactor-plan
  - .github/skills/request-refactor-plan
  content_hash: sha256:176cf1d0c4dc4fc4d958c4bc4ed67f222f2656bda2f3f15e3a3e98b2e5edaf2f
- repo_url: mattpocock/skills
  host: github.com
  resolved_commit: 651eab033bdf8f7fd535c274f8cbe839075aba5e
  virtual_path: setup-pre-commit
  is_virtual: true
  depth: 3
  resolved_by: thinkjones/awesome-everything
  package_type: claude_skill
  deployed_files:
  - .claude/skills/setup-pre-commit
  - .github/skills/setup-pre-commit
  content_hash: sha256:f9aeedf0a1f560ec465c3939c54434c2d949ac8b958a0493db52216f688a0366
- repo_url: mattpocock/skills
  host: github.com
  resolved_commit: 651eab033bdf8f7fd535c274f8cbe839075aba5e
  virtual_path: tdd
  is_virtual: true
  depth: 3
  resolved_by: thinkjones/awesome-everything
  package_type: claude_skill
  deployed_files:
  - .claude/skills/tdd
  - .github/skills/tdd
  content_hash: sha256:c478c6898f8f961ac93cf01bfa8baca347e8e9096451b87c00c2681aef58fb4e
- repo_url: mattpocock/skills
  host: github.com
  resolved_commit: 651eab033bdf8f7fd535c274f8cbe839075aba5e
  virtual_path: triage-issue
  is_virtual: true
  depth: 3
  resolved_by: thinkjones/awesome-everything
  package_type: claude_skill
  deployed_files:
  - .claude/skills/triage-issue
  - .github/skills/triage-issue
  content_hash: sha256:6834b87393bff8f529b3126b9f761c1c2b9706af8a784ad1061961c34bbdb4a9
- repo_url: mattpocock/skills
  host: github.com
  resolved_commit: 651eab033bdf8f7fd535c274f8cbe839075aba5e
  virtual_path: ubiquitous-language
  is_virtual: true
  depth: 3
  resolved_by: thinkjones/awesome-everything
  package_type: claude_skill
  deployed_files:
  - .claude/skills/ubiquitous-language
  - .github/skills/ubiquitous-language
  content_hash: sha256:32f8a3426cb2d2c3db05977369e70d793e342c38ea87f5447eb22108c03c8d7a
- repo_url: mattpocock/skills
  host: github.com
  resolved_commit: 651eab033bdf8f7fd535c274f8cbe839075aba5e
  virtual_path: write-a-prd
  is_virtual: true
  depth: 3
  resolved_by: thinkjones/awesome-everything
  package_type: claude_skill
  deployed_files:
  - .claude/skills/write-a-prd
  - .github/skills/write-a-prd
  content_hash: sha256:d03d51db8cfd3dd5c27f9b8e1ffe61686391fdbd62bf4cb2f47db7e62ee68cd2
- repo_url: mattpocock/skills
  host: github.com
  resolved_commit: 651eab033bdf8f7fd535c274f8cbe839075aba5e
  virtual_path: write-a-skill
  is_virtual: true
  depth: 3
  resolved_by: thinkjones/awesome-everything
  package_type: claude_skill
  deployed_files:
  - .claude/skills/write-a-skill
  - .github/skills/write-a-skill
  content_hash: sha256:b44d8aab2ead83c716e01af4c9a24ccc4575ce70ad58ec4f1749fb88c9cc82ba
