lockfile_version: '1'
generated_at: '2026-04-21T09:38:47.832121+00:00'
apm_version: 0.8.11
dependencies:
- repo_url: _local/user-core
  package_type: apm_package
  source: local
  local_path: ./user-core
- repo_url: anthropics/claude-plugins-official
  host: github.com
  resolved_commit: 777db5c30b30fd1809cdc0ed26a6b2cec57628dd
  virtual_path: plugins/claude-code-setup
  is_virtual: true
  depth: 2
  resolved_by: _local/user-core
  package_type: marketplace_plugin
  deployed_files:
  - .claude/skills/claude-automation-recommender
  - .github/skills/claude-automation-recommender
  content_hash: sha256:ec1d6b7712f33a08de79bc015a5e8e19031fefc4b2ae2debc75e19bda8fcca05
- repo_url: anthropics/claude-plugins-official
  host: github.com
  resolved_commit: 777db5c30b30fd1809cdc0ed26a6b2cec57628dd
  virtual_path: plugins/claude-md-management
  is_virtual: true
  depth: 2
  resolved_by: _local/user-core
  package_type: marketplace_plugin
  deployed_files:
  - .claude/commands/revise-claude-md.md
  - .claude/skills/claude-md-improver
  - .github/prompts/revise-claude-md.prompt.md
  - .github/skills/claude-md-improver
  content_hash: sha256:eef0aa5a71845be937066ef304fbd152d523d2574587474d342def4c3e8514d4
- repo_url: anthropics/claude-plugins-official
  host: github.com
  resolved_commit: 777db5c30b30fd1809cdc0ed26a6b2cec57628dd
  virtual_path: plugins/ralph-loop
  is_virtual: true
  depth: 2
  resolved_by: _local/user-core
  package_type: hook_package
  deployed_files:
  - .github/hooks/ralph-loop-hooks.json
  content_hash: sha256:e81ffee72a1b67c3e0393d6943b53b15d08453c014f0c5e54773ab444e2d2b97
- repo_url: anthropics/claude-plugins-official
  host: github.com
  resolved_commit: 777db5c30b30fd1809cdc0ed26a6b2cec57628dd
  virtual_path: plugins/skill-creator
  is_virtual: true
  depth: 2
  resolved_by: _local/user-core
  package_type: marketplace_plugin
  deployed_files:
  - .claude/skills/skill-creator
  - .github/skills/skill-creator
  content_hash: sha256:eb6bd12617ecd6d7a3e14ec4b50436b30c345c0276fc04706d7da5787e687325
- repo_url: anthropics/skills
  host: github.com
  resolved_commit: b9e19e6f44773509fbdd7001d77ff41a49a486c1
  depth: 2
  resolved_by: _local/user-core
  package_type: marketplace_plugin
  deployed_files:
  - .claude/skills/algorithmic-art
  - .claude/skills/brand-guidelines
  - .claude/skills/canvas-design
  - .claude/skills/claude-api
  - .claude/skills/doc-coauthoring
  - .claude/skills/docx
  - .claude/skills/frontend-design
  - .claude/skills/internal-comms
  - .claude/skills/mcp-builder
  - .claude/skills/pdf
  - .claude/skills/pptx
  - .claude/skills/skill-creator
  - .claude/skills/slack-gif-creator
  - .claude/skills/theme-factory
  - .claude/skills/web-artifacts-builder
  - .claude/skills/webapp-testing
  - .claude/skills/xlsx
  - .github/skills/algorithmic-art
  - .github/skills/brand-guidelines
  - .github/skills/canvas-design
  - .github/skills/claude-api
  - .github/skills/doc-coauthoring
  - .github/skills/docx
  - .github/skills/frontend-design
  - .github/skills/internal-comms
  - .github/skills/mcp-builder
  - .github/skills/pdf
  - .github/skills/pptx
  - .github/skills/skill-creator
  - .github/skills/slack-gif-creator
  - .github/skills/theme-factory
  - .github/skills/web-artifacts-builder
  - .github/skills/webapp-testing
  - .github/skills/xlsx
  content_hash: sha256:7dc086740d47bef69b0c615e5bf737c8254a564223d2f3dcc48ca0d33b144dde
- repo_url: github/awesome-copilot
  host: github.com
  virtual_path: agents/devils-advocate.agent.md
  is_virtual: true
  depth: 2
  resolved_by: _local/user-core
  content_hash: sha256:e67c42f28acfca9d1af01e917cda021e3729833f204d1381e18a43b91cb5e42b
- repo_url: github/awesome-copilot
  host: github.com
  resolved_commit: 63d08d51f792d53feec8c1c06897cee870e83c18
  virtual_path: plugins/context-engineering
  is_virtual: true
  depth: 2
  resolved_by: _local/user-core
  package_type: marketplace_plugin
  deployed_files:
  - .claude/skills/context-map
  - .claude/skills/refactor-plan
  - .claude/skills/what-context-needed
  - .github/skills/context-map
  - .github/skills/refactor-plan
  - .github/skills/what-context-needed
  content_hash: sha256:8aa73614daa1064310331cab62f0a6bb1037d8b9bc8f2d11bd1a9dba482e4103
- repo_url: github/awesome-copilot
  host: github.com
  resolved_commit: 63d08d51f792d53feec8c1c06897cee870e83c18
  virtual_path: plugins/doublecheck
  is_virtual: true
  depth: 2
  resolved_by: _local/user-core
  package_type: marketplace_plugin
  deployed_files:
  - .claude/skills/doublecheck
  - .github/skills/doublecheck
  content_hash: sha256:52b00e9d311e02bc4b74bf87dfcdb521d278e83bd8e5b63800e300bdf1af2cec
- repo_url: vercel-labs/skills
  host: github.com
  resolved_commit: bc21a37a12b90fcb5aec051c91baf5b227b704b1
  virtual_path: skills/find-skills
  is_virtual: true
  depth: 2
  resolved_by: _local/user-core
  package_type: claude_skill
  deployed_files:
  - .claude/skills/find-skills
  - .github/skills/find-skills
  content_hash: sha256:d31e234f0c90694a670222cdd1dafa853e051d7066beda389f1097c22dadd461
